// !$*UTF8*$!
{
	archiveVersion = 1;
	classes = {
	};
	objectVersion = 46;
	objects = {

/* Begin PBXBuildFile section */
		1457AE55EDDEEB5C2B0B9367 /* libPods-XYRefreshTests.a in Frameworks */ = {isa = PBXBuildFile; fileRef = EBD1A4809D150C49951156E5 /* libPods-XYRefreshTests.a */; };
		3C0CF5021D86520300595AC0 /* main.m in Sources */ = {isa = PBXBuildFile; fileRef = 3C0CF5011D86520300595AC0 /* main.m */; };
		3C0CF5051D86520300595AC0 /* AppDelegate.m in Sources */ = {isa = PBXBuildFile; fileRef = 3C0CF5041D86520300595AC0 /* AppDelegate.m */; };
		3C0CF5081D86520300595AC0 /* ViewController.m in Sources */ = {isa = PBXBuildFile; fileRef = 3C0CF5071D86520300595AC0 /* ViewController.m */; };
		3C0CF50B1D86520300595AC0 /* Main.storyboard in Resources */ = {isa = PBXBuildFile; fileRef = 3C0CF5091D86520300595AC0 /* Main.storyboard */; };
		3C0CF50D1D86520300595AC0 /* Assets.xcassets in Resources */ = {isa = PBXBuildFile; fileRef = 3C0CF50C1D86520300595AC0 /* Assets.xcassets */; };
		3C0CF5101D86520300595AC0 /* LaunchScreen.storyboard in Resources */ = {isa = PBXBuildFile; fileRef = 3C0CF50E1D86520300595AC0 /* LaunchScreen.storyboard */; };
		3C0CF51B1D86520300595AC0 /* XYRefreshTests.m in Sources */ = {isa = PBXBuildFile; fileRef = 3C0CF51A1D86520300595AC0 /* XYRefreshTests.m */; };
		3C0CF5261D86520300595AC0 /* XYRefreshUITests.m in Sources */ = {isa = PBXBuildFile; fileRef = 3C0CF5251D86520300595AC0 /* XYRefreshUITests.m */; };
		3C0CF5381D8654CB00595AC0 /* XYModel.m in Sources */ = {isa = PBXBuildFile; fileRef = 3C0CF5371D8654CB00595AC0 /* XYModel.m */; };
		3C0CF53F1D86552B00595AC0 /* XYTableViewCell.m in Sources */ = {isa = PBXBuildFile; fileRef = 3C0CF53D1D86552B00595AC0 /* XYTableViewCell.m */; };
		3C0CF5401D86552B00595AC0 /* XYTableViewCell.xib in Resources */ = {isa = PBXBuildFile; fileRef = 3C0CF53E1D86552B00595AC0 /* XYTableViewCell.xib */; };
		84E9D82C1345497645A7F01F /* libPods-XYRefreshUITests.a in Frameworks */ = {isa = PBXBuildFile; fileRef = CF9B0F5CEE5EA4A900B2EA7B /* libPods-XYRefreshUITests.a */; };
		F32971717FBBE16D6FC8532A /* libPods-XYRefresh.a in Frameworks */ = {isa = PBXBuildFile; fileRef = 326621295C556FE47F3DE6F0 /* libPods-XYRefresh.a */; };
/* End PBXBuildFile section */

/* Begin PBXContainerItemProxy section */
		3C0CF5171D86520300595AC0 /* PBXContainerItemProxy */ = {
			isa = PBXContainerItemProxy;
			containerPortal = 3C0CF4F51D86520300595AC0 /* Project object */;
			proxyType = 1;
			remoteGlobalIDString = 3C0CF4FC1D86520300595AC0;
			remoteInfo = XYRefresh;
		};
		3C0CF5221D86520300595AC0 /* PBXContainerItemProxy */ = {
			isa = PBXContainerItemProxy;
			containerPortal = 3C0CF4F51D86520300595AC0 /* Project object */;
			proxyType = 1;
			remoteGlobalIDString = 3C0CF4FC1D86520300595AC0;
			remoteInfo = XYRefresh;
		};
/* End PBXContainerItemProxy section */

/* Begin PBXFileReference section */
		0810D2F5DFC0B2D491AF5B89 /* Pods-XYRefreshTests.release.xcconfig */ = {isa = PBXFileReference; includeInIndex = 1; lastKnownFileType = text.xcconfig; name = "Pods-XYRefreshTests.release.xcconfig"; path = "Pods/Target Support Files/Pods-XYRefreshTests/Pods-XYRefreshTests.release.xcconfig"; sourceTree = "<group>"; };
		326621295C556FE47F3DE6F0 /* libPods-XYRefresh.a */ = {isa = PBXFileReference; explicitFileType = archive.ar; includeInIndex = 0; path = "libPods-XYRefresh.a"; sourceTree = BUILT_PRODUCTS_DIR; };
		3C0CF4FD1D86520300595AC0 /* XYRefresh.app */ = {isa = PBXFileReference; explicitFileType = wrapper.application; includeInIndex = 0; path = XYRefresh.app; sourceTree = BUILT_PRODUCTS_DIR; };
		3C0CF5011D86520300595AC0 /* main.m */ = {isa = PBXFileReference; lastKnownFileType = sourcecode.c.objc; path = main.m; sourceTree = "<group>"; };
		3C0CF5031D86520300595AC0 /* AppDelegate.h */ = {isa = PBXFileReference; lastKnownFileType = sourcecode.c.h; path = AppDelegate.h; sourceTree = "<group>"; };
		3C0CF5041D86520300595AC0 /* AppDelegate.m */ = {isa = PBXFileReference; lastKnownFileType = sourcecode.c.objc; path = AppDelegate.m; sourceTree = "<group>"; };
		3C0CF5061D86520300595AC0 /* ViewController.h */ = {isa = PBXFileReference; lastKnownFileType = sourcecode.c.h; path = ViewController.h; sourceTree = "<group>"; };
		3C0CF5071D86520300595AC0 /* ViewController.m */ = {isa = PBXFileReference; lastKnownFileType = sourcecode.c.objc; path = ViewController.m; sourceTree = "<group>"; };
		3C0CF50A1D86520300595AC0 /* Base */ = {isa = PBXFileReference; lastKnownFileType = file.storyboard; name = Base; path = Base.lproj/Main.storyboard; sourceTree = "<group>"; };
		3C0CF50C1D86520300595AC0 /* Assets.xcassets */ = {isa = PBXFileReference; lastKnownFileType = folder.assetcatalog; path = Assets.xcassets; sourceTree = "<group>"; };
		3C0CF50F1D86520300595AC0 /* Base */ = {isa = PBXFileReference; lastKnownFileType = file.storyboard; name = Base; path = Base.lproj/LaunchScreen.storyboard; sourceTree = "<group>"; };
		3C0CF5111D86520300595AC0 /* Info.plist */ = {isa = PBXFileReference; lastKnownFileType = text.plist.xml; path = Info.plist; sourceTree = "<group>"; };
		3C0CF5161D86520300595AC0 /* XYRefreshTests.xctest */ = {isa = PBXFileReference; explicitFileType = wrapper.cfbundle; includeInIndex = 0; path = XYRefreshTests.xctest; sourceTree = BUILT_PRODUCTS_DIR; };
		3C0CF51A1D86520300595AC0 /* XYRefreshTests.m */ = {isa = PBXFileReference; lastKnownFileType = sourcecode.c.objc; path = XYRefreshTests.m; sourceTree = "<group>"; };
		3C0CF51C1D86520300595AC0 /* Info.plist */ = {isa = PBXFileReference; lastKnownFileType = text.plist.xml; path = Info.plist; sourceTree = "<group>"; };
		3C0CF5211D86520300595AC0 /* XYRefreshUITests.xctest */ = {isa = PBXFileReference; explicitFileType = wrapper.cfbundle; includeInIndex = 0; path = XYRefreshUITests.xctest; sourceTree = BUILT_PRODUCTS_DIR; };
		3C0CF5251D86520300595AC0 /* XYRefreshUITests.m */ = {isa = PBXFileReference; lastKnownFileType = sourcecode.c.objc; path = XYRefreshUITests.m; sourceTree = "<group>"; };
		3C0CF5271D86520400595AC0 /* Info.plist */ = {isa = PBXFileReference; lastKnownFileType = text.plist.xml; path = Info.plist; sourceTree = "<group>"; };
		3C0CF5361D8654CB00595AC0 /* XYModel.h */ = {isa = PBXFileReference; fileEncoding = 4; lastKnownFileType = sourcecode.c.h; path = XYModel.h; sourceTree = "<group>"; };
		3C0CF5371D8654CB00595AC0 /* XYModel.m */ = {isa = PBXFileReference; fileEncoding = 4; lastKnownFileType = sourcecode.c.objc; path = XYModel.m; sourceTree = "<group>"; };
		3C0CF53C1D86552B00595AC0 /* XYTableViewCell.h */ = {isa = PBXFileReference; fileEncoding = 4; lastKnownFileType = sourcecode.c.h; path = XYTableViewCell.h; sourceTree = "<group>"; };
		3C0CF53D1D86552B00595AC0 /* XYTableViewCell.m */ = {isa = PBXFileReference; fileEncoding = 4; lastKnownFileType = sourcecode.c.objc; path = XYTableViewCell.m; sourceTree = "<group>"; };
		3C0CF53E1D86552B00595AC0 /* XYTableViewCell.xib */ = {isa = PBXFileReference; fileEncoding = 4; lastKnownFileType = file.xib; path = XYTableViewCell.xib; sourceTree = "<group>"; };
		3C0CF5411D86561100595AC0 /* PrefixHeader.pch */ = {isa = PBXFileReference; lastKnownFileType = sourcecode.c.h; path = PrefixHeader.pch; sourceTree = "<group>"; };
		7EDA380B8797AF6F1EA7EA7B /* Pods-XYRefresh.release.xcconfig */ = {isa = PBXFileReference; includeInIndex = 1; lastKnownFileType = text.xcconfig; name = "Pods-XYRefresh.release.xcconfig"; path = "Pods/Target Support Files/Pods-XYRefresh/Pods-XYRefresh.release.xcconfig"; sourceTree = "<group>"; };
		996469525E5C8DF54E873506 /* Pods-XYRefresh.debug.xcconfig */ = {isa = PBXFileReference; includeInIndex = 1; lastKnownFileType = text.xcconfig; name = "Pods-XYRefresh.debug.xcconfig"; path = "Pods/Target Support Files/Pods-XYRefresh/Pods-XYRefresh.debug.xcconfig"; sourceTree = "<group>"; };
		9FB09B5F6041758F3F3F8B0F /* Pods-XYRefreshTests.debug.xcconfig */ = {isa = PBXFileReference; includeInIndex = 1; lastKnownFileType = text.xcconfig; name = "Pods-XYRefreshTests.debug.xcconfig"; path = "Pods/Target Support Files/Pods-XYRefreshTests/Pods-XYRefreshTests.debug.xcconfig"; sourceTree = "<group>"; };
		B0ED49BC6CE10C8E40FCCF05 /* Pods-XYRefreshUITests.release.xcconfig */ = {isa = PBXFileReference; includeInIndex = 1; lastKnownFileType = text.xcconfig; name = "Pods-XYRefreshUITests.release.xcconfig"; path = "Pods/Target Support Files/Pods-XYRefreshUITests/Pods-XYRefreshUITests.release.xcconfig"; sourceTree = "<group>"; };
		B9F6ADC00A0EE9A167F8D333 /* Pods-XYRefreshUITests.debug.xcconfig */ = {isa = PBXFileReference; includeInIndex = 1; lastKnownFileType = text.xcconfig; name = "Pods-XYRefreshUITests.debug.xcconfig"; path = "Pods/Target Support Files/Pods-XYRefreshUITests/Pods-XYRefreshUITests.debug.xcconfig"; sourceTree = "<group>"; };
		CF9B0F5CEE5EA4A900B2EA7B /* libPods-XYRefreshUITests.a */ = {isa = PBXFileReference; explicitFileType = archive.ar; includeInIndex = 0; path = "libPods-XYRefreshUITests.a"; sourceTree = BUILT_PRODUCTS_DIR; };
		EBD1A4809D150C49951156E5 /* libPods-XYRefreshTests.a */ = {isa = PBXFileReference; explicitFileType = archive.ar; includeInIndex = 0; path = "libPods-XYRefreshTests.a"; sourceTree = BUILT_PRODUCTS_DIR; };
/* End PBXFileReference section */

/* Begin PBXFrameworksBuildPhase section */
		3C0CF4FA1D86520300595AC0 /* Frameworks */ = {
			isa = PBXFrameworksBuildPhase;
			buildActionMask = 2147483647;
			files = (
				F32971717FBBE16D6FC8532A /* libPods-XYRefresh.a in Frameworks */,
			);
			runOnlyForDeploymentPostprocessing = 0;
		};
		3C0CF5131D86520300595AC0 /* Frameworks */ = {
			isa = PBXFrameworksBuildPhase;
			buildActionMask = 2147483647;
			files = (
				1457AE55EDDEEB5C2B0B9367 /* libPods-XYRefreshTests.a in Frameworks */,
			);
			runOnlyForDeploymentPostprocessing = 0;
		};
		3C0CF51E1D86520300595AC0 /* Frameworks */ = {
			isa = PBXFrameworksBuildPhase;
			buildActionMask = 2147483647;
			files = (
				84E9D82C1345497645A7F01F /* libPods-XYRefreshUITests.a in Frameworks */,
			);
			runOnlyForDeploymentPostprocessing = 0;
		};
/* End PBXFrameworksBuildPhase section */

/* Begin PBXGroup section */
		24BA4157CF212B06E8802F67 /* Pods */ = {
			isa = PBXGroup;
			children = (
				996469525E5C8DF54E873506 /* Pods-XYRefresh.debug.xcconfig */,
				7EDA380B8797AF6F1EA7EA7B /* Pods-XYRefresh.release.xcconfig */,
				9FB09B5F6041758F3F3F8B0F /* Pods-XYRefreshTests.debug.xcconfig */,
				0810D2F5DFC0B2D491AF5B89 /* Pods-XYRefreshTests.release.xcconfig */,
				B9F6ADC00A0EE9A167F8D333 /* Pods-XYRefreshUITests.debug.xcconfig */,
				B0ED49BC6CE10C8E40FCCF05 /* Pods-XYRefreshUITests.release.xcconfig */,
			);
			name = Pods;
			sourceTree = "<group>";
		};
		3C0CF4F41D86520300595AC0 = {
			isa = PBXGroup;
			children = (
				3C0CF4FF1D86520300595AC0 /* XYRefresh */,
				3C0CF5191D86520300595AC0 /* XYRefreshTests */,
				3C0CF5241D86520300595AC0 /* XYRefreshUITests */,
				3C0CF4FE1D86520300595AC0 /* Products */,
				24BA4157CF212B06E8802F67 /* Pods */,
				7DFA0305DEFF33D3A08D1514 /* Frameworks */,
			);
			sourceTree = "<group>";
		};
		3C0CF4FE1D86520300595AC0 /* Products */ = {
			isa = PBXGroup;
			children = (
				3C0CF4FD1D86520300595AC0 /* XYRefresh.app */,
				3C0CF5161D86520300595AC0 /* XYRefreshTests.xctest */,
				3C0CF5211D86520300595AC0 /* XYRefreshUITests.xctest */,
			);
			name = Products;
			sourceTree = "<group>";
		};
		3C0CF4FF1D86520300595AC0 /* XYRefresh */ = {
			isa = PBXGroup;
			children = (
				3C0CF5351D86543900595AC0 /* model */,
				3C0CF5341D86543100595AC0 /* view */,
				3C0CF5331D86542600595AC0 /* controller */,
				3C0CF5001D86520300595AC0 /* Supporting Files */,
				3C0CF5411D86561100595AC0 /* PrefixHeader.pch */,
			);
			path = XYRefresh;
			sourceTree = "<group>";
		};
		3C0CF5001D86520300595AC0 /* Supporting Files */ = {
			isa = PBXGroup;
			children = (
				3C0CF5031D86520300595AC0 /* AppDelegate.h */,
				3C0CF5041D86520300595AC0 /* AppDelegate.m */,
				3C0CF50C1D86520300595AC0 /* Assets.xcassets */,
				3C0CF50E1D86520300595AC0 /* LaunchScreen.storyboard */,
				3C0CF5111D86520300595AC0 /* Info.plist */,
				3C0CF5011D86520300595AC0 /* main.m */,
			);
			name = "Supporting Files";
			sourceTree = "<group>";
		};
		3C0CF5191D86520300595AC0 /* XYRefreshTests */ = {
			isa = PBXGroup;
			children = (
				3C0CF51A1D86520300595AC0 /* XYRefreshTests.m */,
				3C0CF51C1D86520300595AC0 /* Info.plist */,
			);
			path = XYRefreshTests;
			sourceTree = "<group>";
		};
		3C0CF5241D86520300595AC0 /* XYRefreshUITests */ = {
			isa = PBXGroup;
			children = (
				3C0CF5251D86520300595AC0 /* XYRefreshUITests.m */,
				3C0CF5271D86520400595AC0 /* Info.plist */,
			);
			path = XYRefreshUITests;
			sourceTree = "<group>";
		};
		3C0CF5331D86542600595AC0 /* controller */ = {
			isa = PBXGroup;
			children = (
				3C0CF5061D86520300595AC0 /* ViewController.h */,
				3C0CF5071D86520300595AC0 /* ViewController.m */,
			);
			name = controller;
			sourceTree = "<group>";
		};
		3C0CF5341D86543100595AC0 /* view */ = {
			isa = PBXGroup;
			children = (
				3C0CF5091D86520300595AC0 /* Main.storyboard */,
				3C0CF53C1D86552B00595AC0 /* XYTableViewCell.h */,
				3C0CF53D1D86552B00595AC0 /* XYTableViewCell.m */,
				3C0CF53E1D86552B00595AC0 /* XYTableViewCell.xib */,
			);
			name = view;
			sourceTree = "<group>";
		};
		3C0CF5351D86543900595AC0 /* model */ = {
			isa = PBXGroup;
			children = (
				3C0CF5361D8654CB00595AC0 /* XYModel.h */,
				3C0CF5371D8654CB00595AC0 /* XYModel.m */,
			);
			name = model;
			sourceTree = "<group>";
		};
		7DFA0305DEFF33D3A08D1514 /* Frameworks */ = {
			isa = PBXGroup;
			children = (
				326621295C556FE47F3DE6F0 /* libPods-XYRefresh.a */,
				EBD1A4809D150C49951156E5 /* libPods-XYRefreshTests.a */,
				CF9B0F5CEE5EA4A900B2EA7B /* libPods-XYRefreshUITests.a */,
			);
			name = Frameworks;
			sourceTree = "<group>";
		};
/* End PBXGroup section */

/* Begin PBXNativeTarget section */
		3C0CF4FC1D86520300595AC0 /* XYRefresh */ = {
			isa = PBXNativeTarget;
			buildConfigurationList = 3C0CF52A1D86520400595AC0 /* Build configuration list for PBXNativeTarget "XYRefresh" */;
			buildPhases = (
				38E8538CBEF0258C47064A18 /* [CP] Check Pods Manifest.lock */,
				3C0CF4F91D86520300595AC0 /* Sources */,
				3C0CF4FA1D86520300595AC0 /* Frameworks */,
				3C0CF4FB1D86520300595AC0 /* Resources */,
				BE02BA49213014C58C0B1971 /* [CP] Embed Pods Frameworks */,
				6B70891CE791E2AC611C7C05 /* [CP] Copy Pods Resources */,
			);
			buildRules = (
			);
			dependencies = (
			);
			name = XYRefresh;
			productName = XYRefresh;
			productReference = 3C0CF4FD1D86520300595AC0 /* XYRefresh.app */;
			productType = "com.apple.product-type.application";
		};
		3C0CF5151D86520300595AC0 /* XYRefreshTests */ = {
			isa = PBXNativeTarget;
			buildConfigurationList = 3C0CF52D1D86520400595AC0 /* Build configuration list for PBXNativeTarget "XYRefreshTests" */;
			buildPhases = (
				90838F5E865AAF5E472D6B26 /* [CP] Check Pods Manifest.lock */,
				3C0CF5121D86520300595AC0 /* Sources */,
				3C0CF5131D86520300595AC0 /* Frameworks */,
				3C0CF5141D86520300595AC0 /* Resources */,
				BDB15BFA47A06B043FA5344D /* [CP] Embed Pods Frameworks */,
				DDC7FEF45D14781DB5FF1B5E /* [CP] Copy Pods Resources */,
			);
			buildRules = (
			);
			dependencies = (
				3C0CF5181D86520300595AC0 /* PBXTargetDependency */,
			);
			name = XYRefreshTests;
			productName = XYRefreshTests;
			productReference = 3C0CF5161D86520300595AC0 /* XYRefreshTests.xctest */;
			productType = "com.apple.product-type.bundle.unit-test";
		};
		3C0CF5201D86520300595AC0 /* XYRefreshUITests */ = {
			isa = PBXNativeTarget;
			buildConfigurationList = 3C0CF5301D86520400595AC0 /* Build configuration list for PBXNativeTarget "XYRefreshUITests" */;
			buildPhases = (
				4D0A0E3EE12F0124D3EC906D /* [CP] Check Pods Manifest.lock */,
				3C0CF51D1D86520300595AC0 /* Sources */,
				3C0CF51E1D86520300595AC0 /* Frameworks */,
				3C0CF51F1D86520300595AC0 /* Resources */,
				0BD561AE6C34CAA7FB26C509 /* [CP] Embed Pods Frameworks */,
				993FB9F6D48DC47EDB1F266F /* [CP] Copy Pods Resources */,
			);
			buildRules = (
			);
			dependencies = (
				3C0CF5231D86520300595AC0 /* PBXTargetDependency */,
			);
			name = XYRefreshUITests;
			productName = XYRefreshUITests;
			productReference = 3C0CF5211D86520300595AC0 /* XYRefreshUITests.xctest */;
			productType = "com.apple.product-type.bundle.ui-testing";
		};
/* End PBXNativeTarget section */

/* Begin PBXProject section */
		3C0CF4F51D86520300595AC0 /* Project object */ = {
			isa = PBXProject;
			attributes = {
				LastUpgradeCheck = 0730;
				ORGANIZATIONNAME = "闫世超";
				TargetAttributes = {
					3C0CF4FC1D86520300595AC0 = {
						CreatedOnToolsVersion = 7.3.1;
					};
					3C0CF5151D86520300595AC0 = {
						CreatedOnToolsVersion = 7.3.1;
						TestTargetID = 3C0CF4FC1D86520300595AC0;
					};
					3C0CF5201D86520300595AC0 = {
						CreatedOnToolsVersion = 7.3.1;
						TestTargetID = 3C0CF4FC1D86520300595AC0;
					};
				};
			};
			buildConfigurationList = 3C0CF4F81D86520300595AC0 /* Build configuration list for PBXProject "XYRefresh" */;
			compatibilityVersion = "Xcode 3.2";
			developmentRegion = English;
			hasScannedForEncodings = 0;
			knownRegions = (
				en,
				Base,
			);
			mainGroup = 3C0CF4F41D86520300595AC0;
			productRefGroup = 3C0CF4FE1D86520300595AC0 /* Products */;
			projectDirPath = "";
			projectRoot = "";
			targets = (
				3C0CF4FC1D86520300595AC0 /* XYRefresh */,
				3C0CF5151D86520300595AC0 /* XYRefreshTests */,
				3C0CF5201D86520300595AC0 /* XYRefreshUITests */,
			);
		};
/* End PBXProject section */

/* Begin PBXResourcesBuildPhase section */
		3C0CF4FB1D86520300595AC0 /* Resources */ = {
			isa = PBXResourcesBuildPhase;
			buildActionMask = 2147483647;
			files = (
				3C0CF5401D86552B00595AC0 /* XYTableViewCell.xib in Resources */,
				3C0CF5101D86520300595AC0 /* LaunchScreen.storyboard in Resources */,
				3C0CF50D1D86520300595AC0 /* Assets.xcassets in Resources */,
				3C0CF50B1D86520300595AC0 /* Main.storyboard in Resources */,
			);
			runOnlyForDeploymentPostprocessing = 0;
		};
		3C0CF5141D86520300595AC0 /* Resources */ = {
			isa = PBXResourcesBuildPhase;
			buildActionMask = 2147483647;
			files = (
			);
			runOnlyForDeploymentPostprocessing = 0;
		};
		3C0CF51F1D86520300595AC0 /* Resources */ = {
			isa = PBXResourcesBuildPhase;
			buildActionMask = 2147483647;
			files = (
			);
			runOnlyForDeploymentPostprocessing = 0;
		};
/* End PBXResourcesBuildPhase section */

/* Begin PBXShellScriptBuildPhase section */
		0BD561AE6C34CAA7FB26C509 /* [CP] Embed Pods Frameworks */ = {
			isa = PBXShellScriptBuildPhase;
			buildActionMask = 2147483647;
			files = (
			);
			inputPaths = (
			);
			name = "[CP] Embed Pods Frameworks";
			outputPaths = (
			);
			runOnlyForDeploymentPostprocessing = 0;
			shellPath = /bin/sh;
			shellScript = "\"${SRCROOT}/Pods/Target Support Files/Pods-XYRefreshUITests/Pods-XYRefreshUITests-frameworks.sh\"\n";
			showEnvVarsInLog = 0;
		};
		38E8538CBEF0258C47064A18 /* [CP] Check Pods Manifest.lock */ = {
			isa = PBXShellScriptBuildPhase;
			buildActionMask = 2147483647;
			files = (
			);
			inputPaths = (
			);
			name = "[CP] Check Pods Manifest.lock";
			outputPaths = (
			);
			runOnlyForDeploymentPostprocessing = 0;
			shellPath = /bin/sh;
			shellScript = "diff \"${PODS_ROOT}/../Podfile.lock\" \"${PODS_ROOT}/Manifest.lock\" > /dev/null\nif [ $? != 0 ] ; then\n    # print error to STDERR\n    echo \"error: The sandbox is not in sync with the Podfile.lock. Run 'pod install' or update your CocoaPods installation.\" >&2\n    exit 1\nfi\n";
			showEnvVarsInLog = 0;
		};
		4D0A0E3EE12F0124D3EC906D /* [CP] Check Pods Manifest.lock */ = {
			isa = PBXShellScriptBuildPhase;
			buildActionMask = 2147483647;
			files = (
			);
			inputPaths = (
			);
			name = "[CP] Check Pods Manifest.lock";
			outputPaths = (
			);
			runOnlyForDeploymentPostprocessing = 0;
			shellPath = /bin/sh;
			shellScript = "diff \"${PODS_ROOT}/../Podfile.lock\" \"${PODS_ROOT}/Manifest.lock\" > /dev/null\nif [ $? != 0 ] ; then\n    # print error to STDERR\n    echo \"error: The sandbox is not in sync with the Podfile.lock. Run 'pod install' or update your CocoaPods installation.\" >&2\n    exit 1\nfi\n";
			showEnvVarsInLog = 0;
		};
		6B70891CE791E2AC611C7C05 /* [CP] Copy Pods Resources */ = {
			isa = PBXShellScriptBuildPhase;
			buildActionMask = 2147483647;
			files = (
			);
			inputPaths = (
			);
			name = "[CP] Copy Pods Resources";
			outputPaths = (
			);
			runOnlyForDeploymentPostprocessing = 0;
			shellPath = /bin/sh;
			shellScript = "\"${SRCROOT}/Pods/Target Support Files/Pods-XYRefresh/Pods-XYRefresh-resources.sh\"\n";
			showEnvVarsInLog = 0;
		};
		90838F5E865AAF5E472D6B26 /* [CP] Check Pods Manifest.lock */ = {
			isa = PBXShellScriptBuildPhase;
			buildActionMask = 2147483647;
			files = (
			);
			inputPaths = (
			);
			name = "[CP] Check Pods Manifest.lock";
			outputPaths = (
			);
			runOnlyForDeploymentPostprocessing = 0;
			shellPath = /bin/sh;
			shellScript = "diff \"${PODS_ROOT}/../Podfile.lock\" \"${PODS_ROOT}/Manifest.lock\" > /dev/null\nif [ $? != 0 ] ; then\n    # print error to STDERR\n    echo \"error: The sandbox is not in sync with the Podfile.lock. Run 'pod install' or update your CocoaPods installation.\" >&2\n    exit 1\nfi\n";
			showEnvVarsInLog = 0;
		};
		993FB9F6D48DC47EDB1F266F /* [CP] Copy Pods Resources */ = {
			isa = PBXShellScriptBuildPhase;
			buildActionMask = 2147483647;
			files = (
			);
			inputPaths = (
			);
			name = "[CP] Copy Pods Resources";
			outputPaths = (
			);
			runOnlyForDeploymentPostprocessing = 0;
			shellPath = /bin/sh;
			shellScript = "\"${SRCROOT}/Pods/Target Support Files/Pods-XYRefreshUITests/Pods-XYRefreshUITests-resources.sh\"\n";
			showEnvVarsInLog = 0;
		};
		BDB15BFA47A06B043FA5344D /* [CP] Embed Pods Frameworks */ = {
			isa = PBXShellScriptBuildPhase;
			buildActionMask = 2147483647;
			files = (
			);
			inputPaths = (
			);
			name = "[CP] Embed Pods Frameworks";
			outputPaths = (
			);
			runOnlyForDeploymentPostprocessing = 0;
			shellPath = /bin/sh;
			shellScript = "\"${SRCROOT}/Pods/Target Support Files/Pods-XYRefreshTests/Pods-XYRefreshTests-frameworks.sh\"\n";
			showEnvVarsInLog = 0;
		};
		BE02BA49213014C58C0B1971 /* [CP] Embed Pods Frameworks */ = {
			isa = PBXShellScriptBuildPhase;
			buildActionMask = 2147483647;
			files = (
			);
			inputPaths = (
			);
			name = "[CP] Embed Pods Frameworks";
			outputPaths = (
			);
			runOnlyForDeploymentPostprocessing = 0;
			shellPath = /bin/sh;
			shellScript = "\"${SRCROOT}/Pods/Target Support Files/Pods-XYRefresh/Pods-XYRefresh-frameworks.sh\"\n";
			showEnvVarsInLog = 0;
		};
		DDC7FEF45D14781DB5FF1B5E /* [CP] Copy Pods Resources */ = {
			isa = PBXShellScriptBuildPhase;
			buildActionMask = 2147483647;
			files = (
			);
			inputPaths = (
			);
			name = "[CP] Copy Pods Resources";
			outputPaths = (
			);
			runOnlyForDeploymentPostprocessing = 0;
			shellPath = /bin/sh;
			shellScript = "\"${SRCROOT}/Pods/Target Support Files/Pods-XYRefreshTests/Pods-XYRefreshTests-resources.sh\"\n";
			showEnvVarsInLog = 0;
		};
/* End PBXShellScriptBuildPhase section */

/* Begin PBXSourcesBuildPhase section */
		3C0CF4F91D86520300595AC0 /* Sources */ = {
			isa = PBXSourcesBuildPhase;
			buildActionMask = 2147483647;
			files = (
				3C0CF5081D86520300595AC0 /* ViewController.m in Sources */,
				3C0CF53F1D86552B00595AC0 /* XYTableViewCell.m in Sources */,
				3C0CF5051D86520300595AC0 /* AppDelegate.m in Sources */,
				3C0CF5381D8654CB00595AC0 /* XYModel.m in Sources */,
				3C0CF5021D86520300595AC0 /* main.m in Sources */,
			);
			runOnlyForDeploymentPostprocessing = 0;
		};
		3C0CF5121D86520300595AC0 /* Sources */ = {
			isa = PBXSourcesBuildPhase;
			buildActionMask = 2147483647;
			files = (
				3C0CF51B1D86520300595AC0 /* XYRefreshTests.m in Sources */,
			);
			runOnlyForDeploymentPostprocessing = 0;
		};
		3C0CF51D1D86520300595AC0 /* Sources */ = {
			isa = PBXSourcesBuildPhase;
			buildActionMask = 2147483647;
			files = (
				3C0CF5261D86520300595AC0 /* XYRefreshUITests.m in Sources */,
			);
			runOnlyForDeploymentPostprocessing = 0;
		};
/* End PBXSourcesBuildPhase section */

/* Begin PBXTargetDependency section */
		3C0CF5181D86520300595AC0 /* PBXTargetDependency */ = {
			isa = PBXTargetDependency;
			target = 3C0CF4FC1D86520300595AC0 /* XYRefresh */;
			targetProxy = 3C0CF5171D86520300595AC0 /* PBXContainerItemProxy */;
		};
		3C0CF5231D86520300595AC0 /* PBXTargetDependency */ = {
			isa = PBXTargetDependency;
			target = 3C0CF4FC1D86520300595AC0 /* XYRefresh */;
			targetProxy = 3C0CF5221D86520300595AC0 /* PBXContainerItemProxy */;
		};
/* End PBXTargetDependency section */

/* Begin PBXVariantGroup section */
		3C0CF5091D86520300595AC0 /* Main.storyboard */ = {
			isa = PBXVariantGroup;
			children = (
				3C0CF50A1D86520300595AC0 /* Base */,
			);
			name = Main.storyboard;
			sourceTree = "<group>";
		};
		3C0CF50E1D86520300595AC0 /* LaunchScreen.storyboard */ = {
			isa = PBXVariantGroup;
			children = (
				3C0CF50F1D86520300595AC0 /* Base */,
			);
			name = LaunchScreen.storyboard;
			sourceTree = "<group>";
		};
/* End PBXVariantGroup section */

/* Begin XCBuildConfiguration section */
		3C0CF5281D86520400595AC0 /* Debug */ = {
			isa = XCBuildConfiguration;
			buildSettings = {
				ALWAYS_SEARCH_USER_PATHS = NO;
				CLANG_ANALYZER_NONNULL = YES;
				CLANG_CXX_LANGUAGE_STANDARD = "gnu++0x";
				CLANG_CXX_LIBRARY = "libc++";
				CLANG_ENABLE_MODULES = YES;
				CLANG_ENABLE_OBJC_ARC = YES;
				CLANG_WARN_BOOL_CONVERSION = YES;
				CLANG_WARN_CONSTANT_CONVERSION = YES;
				CLANG_WARN_DIRECT_OBJC_ISA_USAGE = YES_ERROR;
				CLANG_WARN_EMPTY_BODY = YES;
				CLANG_WARN_ENUM_CONVERSION = YES;
				CLANG_WARN_INT_CONVERSION = YES;
				CLANG_WARN_OBJC_ROOT_CLASS = YES_ERROR;
				CLANG_WARN_UNREACHABLE_CODE = YES;
				CLANG_WARN__DUPLICATE_METHOD_MATCH = YES;
				"CODE_SIGN_IDENTITY[sdk=iphoneos*]" = "iPhone Developer";
				COPY_PHASE_STRIP = NO;
				DEBUG_INFORMATION_FORMAT = dwarf;
				ENABLE_STRICT_OBJC_MSGSEND = YES;
				ENABLE_TESTABILITY = YES;
				GCC_C_LANGUAGE_STANDARD = gnu99;
				GCC_DYNAMIC_NO_PIC = NO;
				GCC_NO_COMMON_BLOCKS = YES;
				GCC_OPTIMIZATION_LEVEL = 0;
				GCC_PREPROCESSOR_DEFINITIONS = (
					"DEBUG=1",
					"$(inherited)",
				);
				GCC_WARN_64_TO_32_BIT_CONVERSION = YES;
				GCC_WARN_ABOUT_RETURN_TYPE = YES_ERROR;
				GCC_WARN_UNDECLARED_SELECTOR = YES;
				GCC_WARN_UNINITIALIZED_AUTOS = YES_AGGRESSIVE;
				GCC_WARN_UNUSED_FUNCTION = YES;
				GCC_WARN_UNUSED_VARIABLE = YES;
				IPHONEOS_DEPLOYMENT_TARGET = 9.3;
				MTL_ENABLE_DEBUG_INFO = YES;
				ONLY_ACTIVE_ARCH = YES;
				SDKROOT = iphoneos;
				TARGETED_DEVICE_FAMILY = "1,2";
			};
			name = Debug;
		};
		3C0CF5291D86520400595AC0 /* Release */ = {
			isa = XCBuildConfiguration;
			buildSettings = {
				ALWAYS_SEARCH_USER_PATHS = NO;
				CLANG_ANALYZER_NONNULL = YES;
				CLANG_CXX_LANGUAGE_STANDARD = "gnu++0x";
				CLANG_CXX_LIBRARY = "libc++";
				CLANG_ENABLE_MODULES = YES;
				CLANG_ENABLE_OBJC_ARC = YES;
				CLANG_WARN_BOOL_CONVERSION = YES;
				CLANG_WARN_CONSTANT_CONVERSION = YES;
				CLANG_WARN_DIRECT_OBJC_ISA_USAGE = YES_ERROR;
				CLANG_WARN_EMPTY_BODY = YES;
				CLANG_WARN_ENUM_CONVERSION = YES;
				CLANG_WARN_INT_CONVERSION = YES;
				CLANG_WARN_OBJC_ROOT_CLASS = YES_ERROR;
				CLANG_WARN_UNREACHABLE_CODE = YES;
				CLANG_WARN__DUPLICATE_METHOD_MATCH = YES;
				"CODE_SIGN_IDENTITY[sdk=iphoneos*]" = "iPhone Developer";
				COPY_PHASE_STRIP = NO;
				DEBUG_INFORMATION_FORMAT = "dwarf-with-dsym";
				ENABLE_NS_ASSERTIONS = NO;
				ENABLE_STRICT_OBJC_MSGSEND = YES;
				GCC_C_LANGUAGE_STANDARD = gnu99;
				GCC_NO_COMMON_BLOCKS = YES;
				GCC_WARN_64_TO_32_BIT_CONVERSION = YES;
				GCC_WARN_ABOUT_RETURN_TYPE = YES_ERROR;
				GCC_WARN_UNDECLARED_SELECTOR = YES;
				GCC_WARN_UNINITIALIZED_AUTOS = YES_AGGRESSIVE;
				GCC_WARN_UNUSED_FUNCTION = YES;
				GCC_WARN_UNUSED_VARIABLE = YES;
				IPHONEOS_DEPLOYMENT_TARGET = 9.3;
				MTL_ENABLE_DEBUG_INFO = NO;
				SDKROOT = iphoneos;
				TARGETED_DEVICE_FAMILY = "1,2";
				VALIDATE_PRODUCT = YES;
			};
			name = Release;
		};
		3C0CF52B1D86520400595AC0 /* Debug */ = {
			isa = XCBuildConfiguration;
			baseConfigurationReference = 996469525E5C8DF54E873506 /* Pods-XYRefresh.debug.xcconfig */;
			buildSettings = {
				ASSETCATALOG_COMPILER_APPICON_NAME = AppIcon;
				GCC_INPUT_FILETYPE = sourcecode.cpp.objcpp;
				GCC_PRECOMPILE_PREFIX_HEADER = YES;
				GCC_PREFIX_HEADER = "$(SRCROOT)/XYRefresh/PrefixHeader.pch";
				INFOPLIST_FILE = XYRefresh/Info.plist;
				LD_RUNPATH_SEARCH_PATHS = "$(inherited) @executable_path/Frameworks";
				PRODUCT_BUNDLE_IDENTIFIER = xiaoyan.XYRefresh;
				PRODUCT_NAME = "$(TARGET_NAME)";
			};
			name = Debug;
		};
		3C0CF52C1D86520400595AC0 /* Release */ = {
			isa = XCBuildConfiguration;
			baseConfigurationReference = 7EDA380B8797AF6F1EA7EA7B /* Pods-XYRefresh.release.xcconfig */;
			buildSettings = {
				ASSETCATALOG_COMPILER_APPICON_NAME = AppIcon;
				GCC_INPUT_FILETYPE = sourcecode.cpp.objcpp;
				GCC_PRECOMPILE_PREFIX_HEADER = YES;
				GCC_PREFIX_HEADER = "$(SRCROOT)/XYRefresh/PrefixHeader.pch";
				INFOPLIST_FILE = XYRefresh/Info.plist;
				LD_RUNPATH_SEARCH_PATHS = "$(inherited) @executable_path/Frameworks";
				PRODUCT_BUNDLE_IDENTIFIER = xiaoyan.XYRefresh;
				PRODUCT_NAME = "$(TARGET_NAME)";
			};
			name = Release;
		};
		3C0CF52E1D86520400595AC0 /* Debug */ = {
			isa = XCBuildConfiguration;
			baseConfigurationReference = 9FB09B5F6041758F3F3F8B0F /* Pods-XYRefreshTests.debug.xcconfig */;
			buildSettings = {
				BUNDLE_LOADER = "$(TEST_HOST)";
				INFOPLIST_FILE = XYRefreshTests/Info.plist;
				LD_RUNPATH_SEARCH_PATHS = "$(inherited) @executable_path/Frameworks @loader_path/Frameworks";
				PRODUCT_BUNDLE_IDENTIFIER = xiaoyan.XYRefreshTests;
				PRODUCT_NAME = "$(TARGET_NAME)";
				TEST_HOST = "$(BUILT_PRODUCTS_DIR)/XYRefresh.app/XYRefresh";
			};
			name = Debug;
		};
		3C0CF52F1D86520400595AC0 /* Release */ = {
			isa = XCBuildConfiguration;
			baseConfigurationReference = 0810D2F5DFC0B2D491AF5B89 /* Pods-XYRefreshTests.release.xcconfig */;
			buildSettings = {
				BUNDLE_LOADER = "$(TEST_HOST)";
				INFOPLIST_FILE = XYRefreshTests/Info.plist;
				LD_RUNPATH_SEARCH_PATHS = "$(inherited) @executable_path/Frameworks @loader_path/Frameworks";
				PRODUCT_BUNDLE_IDENTIFIER = xiaoyan.XYRefreshTests;
				PRODUCT_NAME = "$(TARGET_NAME)";
				TEST_HOST = "$(BUILT_PRODUCTS_DIR)/XYRefresh.app/XYRefresh";
			};
			name = Release;
		};
		3C0CF5311D86520400595AC0 /* Debug */ = {
			isa = XCBuildConfiguration;
			baseConfigurationReference = B9F6ADC00A0EE9A167F8D333 /* Pods-XYRefreshUITests.debug.xcconfig */;
			buildSettings = {
				INFOPLIST_FILE = XYRefreshUITests/Info.plist;
				LD_RUNPATH_SEARCH_PATHS = "$(inherited) @executable_path/Frameworks @loader_path/Frameworks";
				PRODUCT_BUNDLE_IDENTIFIER = xiaoyan.XYRefreshUITests;
				PRODUCT_NAME = "$(TARGET_NAME)";
				TEST_TARGET_NAME = XYRefresh;
			};
			name = Debug;
		};
		3C0CF5321D86520400595AC0 /* Release */ = {
			isa = XCBuildConfiguration;
			baseConfigurationReference = B0ED49BC6CE10C8E40FCCF05 /* Pods-XYRefreshUITests.release.xcconfig */;
			buildSettings = {
				INFOPLIST_FILE = XYRefreshUITests/Info.plist;
				LD_RUNPATH_SEARCH_PATHS = "$(inherited) @executable_path/Frameworks @loader_path/Frameworks";
				PRODUCT_BUNDLE_IDENTIFIER = xiaoyan.XYRefreshUITests;
				PRODUCT_NAME = "$(TARGET_NAME)";
				TEST_TARGET_NAME = XYRefresh;
			};
			name = Release;
		};
/* End XCBuildConfiguration section */

/* Begin XCConfigurationList section */
		3C0CF4F81D86520300595AC0 /* Build configuration list for PBXProject "XYRefresh" */ = {
			isa = XCConfigurationList;
			buildConfigurations = (
				3C0CF5281D86520400595AC0 /* Debug */,
				3C0CF5291D86520400595AC0 /* Release */,
			);
			defaultConfigurationIsVisible = 0;
			defaultConfigurationName = Release;
		};
		3C0CF52A1D86520400595AC0 /* Build configuration list for PBXNativeTarget "XYRefresh" */ = {
			isa = XCConfigurationList;
			buildConfigurations = (
				3C0CF52B1D86520400595AC0 /* Debug */,
				3C0CF52C1D86520400595AC0 /* Release */,
			);
			defaultConfigurationIsVisible = 0;
			defaultConfigurationName = Release;
		};
		3C0CF52D1D86520400595AC0 /* Build configuration list for PBXNativeTarget "XYRefreshTests" */ = {
			isa = XCConfigurationList;
			buildConfigurations = (
				3C0CF52E1D86520400595AC0 /* Debug */,
				3C0CF52F1D86520400595AC0 /* Release */,
			);
			defaultConfigurationIsVisible = 0;
			defaultConfigurationName = Release;
		};
		3C0CF5301D86520400595AC0 /* Build configuration list for PBXNativeTarget "XYRefreshUITests" */ = {
			isa = XCConfigurationList;
			buildConfigurations = (
				3C0CF5311D86520400595AC0 /* Debug */,
				3C0CF5321D86520400595AC0 /* Release */,
			);
			defaultConfigurationIsVisible = 0;
			defaultConfigurationName = Release;
		};
/* End XCConfigurationList section */
	};
	rootObject = 3C0CF4F51D86520300595AC0 /* Project object */;
}
